
Microsoft Visual Studio Solution File, Format Version 12.00
# Visual Studio Version 16
VisualStudioVersion = 16.0.30104.148
MinimumVisualStudioVersion = 10.0.40219.1
Project("{FAE04EC0-301F-11D3-BF4B-00C04F79EFBC}") = "Jovem", "Jovem\Jovem.csproj", "{EC6F5D18-82D3-4C14-942E-C21B3D680475}"
EndProject
Project("{FAE04EC0-301F-11D3-BF4B-00C04F79EFBC}") = "WebApplication1", "WebApplication1\WebApplication1.csproj", "{E0FE9561-09D2-4687-BC1E-39AFBE35C561}"
EndProject
Global
	GlobalSection(SolutionConfigurationPlatforms) = preSolution
		Debug|Any CPU = Debug|Any CPU
		Release|Any CPU = Release|Any CPU
	EndGlobalSection
	GlobalSection(ProjectConfigurationPlatforms) = postSolution
		{EC6F5D18-82D3-4C14-942E-C21B3D680475}.Debug|Any CPU.ActiveCfg = Debug|Any CPU
		{EC6F5D18-82D3-4C14-942E-C21B3D680475}.Debug|Any CPU.Build.0 = Debug|Any CPU
		{EC6F5D18-82D3-4C14-942E-C21B3D680475}.Release|Any CPU.ActiveCfg = Release|Any CPU
		{EC6F5D18-82D3-4C14-942E-C21B3D680475}.Release|Any CPU.Build.0 = Release|Any CPU
		{E0FE9561-09D2-4687-BC1E-39AFBE35C561}.Debug|Any CPU.ActiveCfg = Debug|Any CPU
		{E0FE9561-09D2-4687-BC1E-39AFBE35C561}.Debug|Any CPU.Build.0 = Debug|Any CPU
		{E0FE9561-09D2-4687-BC1E-39AFBE35C561}.Release|Any CPU.ActiveCfg = Release|Any CPU
		{E0FE9561-09D2-4687-BC1E-39AFBE35C561}.Release|Any CPU.Build.0 = Release|Any CPU
	EndGlobalSection
	GlobalSection(SolutionProperties) = preSolution
		HideSolutionNode = FALSE
	EndGlobalSection
	GlobalSection(ExtensibilityGlobals) = postSolution
		SolutionGuid = {39A8EFB0-DD69-4130-9E0F-BF17FA283342}
	EndGlobalSection
EndGlobal
